// !$*UTF8*$!
{
	archiveVersion = 1;
	classes = {
	};
	objectVersion = 46;
	objects = {

/* Begin PBXBuildFile section */
		32A811291B43B2410085397C /* main.m in Sources */ = {isa = PBXBuildFile; fileRef = 32A811281B43B2410085397C /* main.m */; };
		32A8112C1B43B2410085397C /* AppDelegate.m in Sources */ = {isa = PBXBuildFile; fileRef = 32A8112B1B43B2410085397C /* AppDelegate.m */; };
		32A8112F1B43B2410085397C /* ViewController.m in Sources */ = {isa = PBXBuildFile; fileRef = 32A8112E1B43B2410085397C /* ViewController.m */; };
		32A811321B43B2410085397C /* Main.storyboard in Resources */ = {isa = PBXBuildFile; fileRef = 32A811301B43B2410085397C /* Main.storyboard */; };
		32A811341B43B2410085397C /* Images.xcassets in Resources */ = {isa = PBXBuildFile; fileRef = 32A811331B43B2410085397C /* Images.xcassets */; };
		32A811371B43B2410085397C /* LaunchScreen.xib in Resources */ = {isa = PBXBuildFile; fileRef = 32A811351B43B2410085397C /* LaunchScreen.xib */; };
		32A811431B43B2410085397C /* IQKeyboardManagerDemoTests.m in Sources */ = {isa = PBXBuildFile; fileRef = 32A811421B43B2410085397C /* IQKeyboardManagerDemoTests.m */; };
		32A8119A1B43B2A60085397C /* IQNSArray+Sort.m in Sources */ = {isa = PBXBuildFile; fileRef = 32A8117C1B43B2A60085397C /* IQNSArray+Sort.m */; };
		32A8119B1B43B2A60085397C /* IQUIView+Hierarchy.m in Sources */ = {isa = PBXBuildFile; fileRef = 32A8117E1B43B2A60085397C /* IQUIView+Hierarchy.m */; };
		32A8119C1B43B2A60085397C /* IQUIWindow+Hierarchy.m in Sources */ = {isa = PBXBuildFile; fileRef = 32A811801B43B2A60085397C /* IQUIWindow+Hierarchy.m */; };
		32A8119D1B43B2A60085397C /* IQKeyboardManager.m in Sources */ = {isa = PBXBuildFile; fileRef = 32A811851B43B2A60085397C /* IQKeyboardManager.m */; };
		32A8119E1B43B2A60085397C /* IQKeyboardReturnKeyHandler.m in Sources */ = {isa = PBXBuildFile; fileRef = 32A811871B43B2A60085397C /* IQKeyboardReturnKeyHandler.m */; };
		32A8119F1B43B2A60085397C /* IQSegmentedNextPrevious.m in Sources */ = {isa = PBXBuildFile; fileRef = 32A8118A1B43B2A60085397C /* IQSegmentedNextPrevious.m */; };
		32A811A01B43B2A60085397C /* IQTextView.m in Sources */ = {isa = PBXBuildFile; fileRef = 32A8118D1B43B2A60085397C /* IQTextView.m */; };
		32A811A11B43B2A60085397C /* IQBarButtonItem.m in Sources */ = {isa = PBXBuildFile; fileRef = 32A811901B43B2A60085397C /* IQBarButtonItem.m */; };
		32A811A21B43B2A60085397C /* IQTitleBarButtonItem.m in Sources */ = {isa = PBXBuildFile; fileRef = 32A811921B43B2A60085397C /* IQTitleBarButtonItem.m */; };
		32A811A31B43B2A60085397C /* IQToolbar.m in Sources */ = {isa = PBXBuildFile; fileRef = 32A811941B43B2A60085397C /* IQToolbar.m */; };
		32A811A41B43B2A60085397C /* IQUIView+IQKeyboardToolbar.m in Sources */ = {isa = PBXBuildFile; fileRef = 32A811961B43B2A60085397C /* IQUIView+IQKeyboardToolbar.m */; };
		32A811A51B43B2A60085397C /* IQKeyboardManager.bundle in Resources */ = {isa = PBXBuildFile; fileRef = 32A811991B43B2A60085397C /* IQKeyboardManager.bundle */; };
		32A811A81B43B4850085397C /* BZTextFieldView.m in Sources */ = {isa = PBXBuildFile; fileRef = 32A811A71B43B4850085397C /* BZTextFieldView.m */; };
		32A811AB1B43C08B0085397C /* BZAllInOneView.m in Sources */ = {isa = PBXBuildFile; fileRef = 32A811AA1B43C08B0085397C /* BZAllInOneView.m */; };
/* End PBXBuildFile section */

/* Begin PBXContainerItemProxy section */
		32A8113D1B43B2410085397C /* PBXContainerItemProxy */ = {
			isa = PBXContainerItemProxy;
			containerPortal = 32A8111B1B43B2400085397C /* Project object */;
			proxyType = 1;
			remoteGlobalIDString = 32A811221B43B2410085397C;
			remoteInfo = IQKeyboardManagerDemo;
		};
/* End PBXContainerItemProxy section */

/* Begin PBXFileReference section */
		32A811231B43B2410085397C /* IQKeyboardManagerDemo.app */ = {isa = PBXFileReference; explicitFileType = wrapper.application; includeInIndex = 0; path = IQKeyboardManagerDemo.app; sourceTree = BUILT_PRODUCTS_DIR; };
		32A811271B43B2410085397C /* Info.plist */ = {isa = PBXFileReference; lastKnownFileType = text.plist.xml; path = Info.plist; sourceTree = "<group>"; };
		32A811281B43B2410085397C /* main.m */ = {isa = PBXFileReference; lastKnownFileType = sourcecode.c.objc; path = main.m; sourceTree = "<group>"; };
		32A8112A1B43B2410085397C /* AppDelegate.h */ = {isa = PBXFileReference; lastKnownFileType = sourcecode.c.h; path = AppDelegate.h; sourceTree = "<group>"; };
		32A8112B1B43B2410085397C /* AppDelegate.m */ = {isa = PBXFileReference; lastKnownFileType = sourcecode.c.objc; path = AppDelegate.m; sourceTree = "<group>"; };
		32A8112D1B43B2410085397C /* ViewController.h */ = {isa = PBXFileReference; lastKnownFileType = sourcecode.c.h; path = ViewController.h; sourceTree = "<group>"; };
		32A8112E1B43B2410085397C /* ViewController.m */ = {isa = PBXFileReference; lastKnownFileType = sourcecode.c.objc; path = ViewController.m; sourceTree = "<group>"; };
		32A811311B43B2410085397C /* Base */ = {isa = PBXFileReference; lastKnownFileType = file.storyboard; name = Base; path = Base.lproj/Main.storyboard; sourceTree = "<group>"; };
		32A811331B43B2410085397C /* Images.xcassets */ = {isa = PBXFileReference; lastKnownFileType = folder.assetcatalog; path = Images.xcassets; sourceTree = "<group>"; };
		32A811361B43B2410085397C /* Base */ = {isa = PBXFileReference; lastKnownFileType = file.xib; name = Base; path = Base.lproj/LaunchScreen.xib; sourceTree = "<group>"; };
		32A8113C1B43B2410085397C /* IQKeyboardManagerDemoTests.xctest */ = {isa = PBXFileReference; explicitFileType = wrapper.cfbundle; includeInIndex = 0; path = IQKeyboardManagerDemoTests.xctest; sourceTree = BUILT_PRODUCTS_DIR; };
		32A811411B43B2410085397C /* Info.plist */ = {isa = PBXFileReference; lastKnownFileType = text.plist.xml; path = Info.plist; sourceTree = "<group>"; };
		32A811421B43B2410085397C /* IQKeyboardManagerDemoTests.m */ = {isa = PBXFileReference; lastKnownFileType = sourcecode.c.objc; path = IQKeyboardManagerDemoTests.m; sourceTree = "<group>"; };
		32A8117B1B43B2A60085397C /* IQNSArray+Sort.h */ = {isa = PBXFileReference; fileEncoding = 4; lastKnownFileType = sourcecode.c.h; path = "IQNSArray+Sort.h"; sourceTree = "<group>"; };
		32A8117C1B43B2A60085397C /* IQNSArray+Sort.m */ = {isa = PBXFileReference; fileEncoding = 4; lastKnownFileType = sourcecode.c.objc; path = "IQNSArray+Sort.m"; sourceTree = "<group>"; };
		32A8117D1B43B2A60085397C /* IQUIView+Hierarchy.h */ = {isa = PBXFileReference; fileEncoding = 4; lastKnownFileType = sourcecode.c.h; path = "IQUIView+Hierarchy.h"; sourceTree = "<group>"; };
		32A8117E1B43B2A60085397C /* IQUIView+Hierarchy.m */ = {isa = PBXFileReference; fileEncoding = 4; lastKnownFileType = sourcecode.c.objc; path = "IQUIView+Hierarchy.m"; sourceTree = "<group>"; };
		32A8117F1B43B2A60085397C /* IQUIWindow+Hierarchy.h */ = {isa = PBXFileReference; fileEncoding = 4; lastKnownFileType = sourcecode.c.h; path = "IQUIWindow+Hierarchy.h"; sourceTree = "<group>"; };
		32A811801B43B2A60085397C /* IQUIWindow+Hierarchy.m */ = {isa = PBXFileReference; fileEncoding = 4; lastKnownFileType = sourcecode.c.objc; path = "IQUIWindow+Hierarchy.m"; sourceTree = "<group>"; };
		32A811821B43B2A60085397C /* IQKeyboardManagerConstants.h */ = {isa = PBXFileReference; fileEncoding = 4; lastKnownFileType = sourcecode.c.h; path = IQKeyboardManagerConstants.h; sourceTree = "<group>"; };
		32A811831B43B2A60085397C /* IQKeyboardManagerConstantsInternal.h */ = {isa = PBXFileReference; fileEncoding = 4; lastKnownFileType = sourcecode.c.h; path = IQKeyboardManagerConstantsInternal.h; sourceTree = "<group>"; };
		32A811841B43B2A60085397C /* IQKeyboardManager.h */ = {isa = PBXFileReference; fileEncoding = 4; lastKnownFileType = sourcecode.c.h; path = IQKeyboardManager.h; sourceTree = "<group>"; };
		32A811851B43B2A60085397C /* IQKeyboardManager.m */ = {isa = PBXFileReference; fileEncoding = 4; lastKnownFileType = sourcecode.c.objc; path = IQKeyboardManager.m; sourceTree = "<group>"; };
		32A811861B43B2A60085397C /* IQKeyboardReturnKeyHandler.h */ = {isa = PBXFileReference; fileEncoding = 4; lastKnownFileType = sourcecode.c.h; path = IQKeyboardReturnKeyHandler.h; sourceTree = "<group>"; };
		32A811871B43B2A60085397C /* IQKeyboardReturnKeyHandler.m */ = {isa = PBXFileReference; fileEncoding = 4; lastKnownFileType = sourcecode.c.objc; path = IQKeyboardReturnKeyHandler.m; sourceTree = "<group>"; };
		32A811891B43B2A60085397C /* IQSegmentedNextPrevious.h */ = {isa = PBXFileReference; fileEncoding = 4; lastKnownFileType = sourcecode.c.h; path = IQSegmentedNextPrevious.h; sourceTree = "<group>"; };
		32A8118A1B43B2A60085397C /* IQSegmentedNextPrevious.m */ = {isa = PBXFileReference; fileEncoding = 4; lastKnownFileType = sourcecode.c.objc; path = IQSegmentedNextPrevious.m; sourceTree = "<group>"; };
		32A8118C1B43B2A60085397C /* IQTextView.h */ = {isa = PBXFileReference; fileEncoding = 4; lastKnownFileType = sourcecode.c.h; path = IQTextView.h; sourceTree = "<group>"; };
		32A8118D1B43B2A60085397C /* IQTextView.m */ = {isa = PBXFileReference; fileEncoding = 4; lastKnownFileType = sourcecode.c.objc; path = IQTextView.m; sourceTree = "<group>"; };
		32A8118F1B43B2A60085397C /* IQBarButtonItem.h */ = {isa = PBXFileReference; fileEncoding = 4; lastKnownFileType = sourcecode.c.h; path = IQBarButtonItem.h; sourceTree = "<group>"; };
		32A811901B43B2A60085397C /* IQBarButtonItem.m */ = {isa = PBXFileReference; fileEncoding = 4; lastKnownFileType = sourcecode.c.objc; path = IQBarButtonItem.m; sourceTree = "<group>"; };
		32A811911B43B2A60085397C /* IQTitleBarButtonItem.h */ = {isa = PBXFileReference; fileEncoding = 4; lastKnownFileType = sourcecode.c.h; path = IQTitleBarButtonItem.h; sourceTree = "<group>"; };
		32A811921B43B2A60085397C /* IQTitleBarButtonItem.m */ = {isa = PBXFileReference; fileEncoding = 4; lastKnownFileType = sourcecode.c.objc; path = IQTitleBarButtonItem.m; sourceTree = "<group>"; };
		32A811931B43B2A60085397C /* IQToolbar.h */ = {isa = PBXFileReference; fileEncoding = 4; lastKnownFileType = sourcecode.c.h; path = IQToolbar.h; sourceTree = "<group>"; };
		32A811941B43B2A60085397C /* IQToolbar.m */ = {isa = PBXFileReference; fileEncoding = 4; lastKnownFileType = sourcecode.c.objc; path = IQToolbar.m; sourceTree = "<group>"; };
		32A811951B43B2A60085397C /* IQUIView+IQKeyboardToolbar.h */ = {isa = PBXFileReference; fileEncoding = 4; lastKnownFileType = sourcecode.c.h; path = "IQUIView+IQKeyboardToolbar.h"; sourceTree = "<group>"; };
		32A811961B43B2A60085397C /* IQUIView+IQKeyboardToolbar.m */ = {isa = PBXFileReference; fileEncoding = 4; lastKnownFileType = sourcecode.c.objc; path = "IQUIView+IQKeyboardToolbar.m"; sourceTree = "<group>"; };
		32A811971B43B2A60085397C /* KeyboardManager.h */ = {isa = PBXFileReference; fileEncoding = 4; lastKnownFileType = sourcecode.c.h; path = KeyboardManager.h; sourceTree = "<group>"; };
		32A811991B43B2A60085397C /* IQKeyboardManager.bundle */ = {isa = PBXFileReference; lastKnownFileType = "wrapper.plug-in"; path = IQKeyboardManager.bundle; sourceTree = "<group>"; };
		32A811A61B43B4850085397C /* BZTextFieldView.h */ = {isa = PBXFileReference; fileEncoding = 4; lastKnownFileType = sourcecode.c.h; path = BZTextFieldView.h; sourceTree = "<group>"; };
		32A811A71B43B4850085397C /* BZTextFieldView.m */ = {isa = PBXFileReference; fileEncoding = 4; lastKnownFileType = sourcecode.c.objc; path = BZTextFieldView.m; sourceTree = "<group>"; };
		32A811A91B43C08B0085397C /* BZAllInOneView.h */ = {isa = PBXFileReference; fileEncoding = 4; lastKnownFileType = sourcecode.c.h; path = BZAllInOneView.h; sourceTree = "<group>"; };
		32A811AA1B43C08B0085397C /* BZAllInOneView.m */ = {isa = PBXFileReference; fileEncoding = 4; lastKnownFileType = sourcecode.c.objc; path = BZAllInOneView.m; sourceTree = "<group>"; };
/* End PBXFileReference section */

/* Begin PBXFrameworksBuildPhase section */
		32A811201B43B2410085397C /* Frameworks */ = {
			isa = PBXFrameworksBuildPhase;
			buildActionMask = 2147483647;
			files = (
			);
			runOnlyForDeploymentPostprocessing = 0;
		};
		32A811391B43B2410085397C /* Frameworks */ = {
			isa = PBXFrameworksBuildPhase;
			buildActionMask = 2147483647;
			files = (
			);
			runOnlyForDeploymentPostprocessing = 0;
		};
/* End PBXFrameworksBuildPhase section */

/* Begin PBXGroup section */
		32A8111A1B43B2400085397C = {
			isa = PBXGroup;
			children = (
				32A811251B43B2410085397C /* IQKeyboardManagerDemo */,
				32A8113F1B43B2410085397C /* IQKeyboardManagerDemoTests */,
				32A811241B43B2410085397C /* Products */,
			);
			sourceTree = "<group>";
		};
		32A811241B43B2410085397C /* Products */ = {
			isa = PBXGroup;
			children = (
				32A811231B43B2410085397C /* IQKeyboardManagerDemo.app */,
				32A8113C1B43B2410085397C /* IQKeyboardManagerDemoTests.xctest */,
			);
			name = Products;
			sourceTree = "<group>";
		};
		32A811251B43B2410085397C /* IQKeyboardManagerDemo */ = {
			isa = PBXGroup;
			children = (
				32A8112A1B43B2410085397C /* AppDelegate.h */,
				32A8112B1B43B2410085397C /* AppDelegate.m */,
				32A8112D1B43B2410085397C /* ViewController.h */,
				32A8112E1B43B2410085397C /* ViewController.m */,
				32A811A61B43B4850085397C /* BZTextFieldView.h */,
				32A811A71B43B4850085397C /* BZTextFieldView.m */,
				32A811A91B43C08B0085397C /* BZAllInOneView.h */,
				32A811AA1B43C08B0085397C /* BZAllInOneView.m */,
				32A811301B43B2410085397C /* Main.storyboard */,
				32A811331B43B2410085397C /* Images.xcassets */,
				32A811351B43B2410085397C /* LaunchScreen.xib */,
				32A811791B43B2A60085397C /* IQKeyBoardManager */,
				32A811261B43B2410085397C /* Supporting Files */,
			);
			path = IQKeyboardManagerDemo;
			sourceTree = "<group>";
		};
		32A811261B43B2410085397C /* Supporting Files */ = {
			isa = PBXGroup;
			children = (
				32A811271B43B2410085397C /* Info.plist */,
				32A811281B43B2410085397C /* main.m */,
			);
			name = "Supporting Files";
			sourceTree = "<group>";
		};
		32A8113F1B43B2410085397C /* IQKeyboardManagerDemoTests */ = {
			isa = PBXGroup;
			children = (
				32A811421B43B2410085397C /* IQKeyboardManagerDemoTests.m */,
				32A811401B43B2410085397C /* Supporting Files */,
			);
			path = IQKeyboardManagerDemoTests;
			sourceTree = "<group>";
		};
		32A811401B43B2410085397C /* Supporting Files */ = {
			isa = PBXGroup;
			children = (
				32A811411B43B2410085397C /* Info.plist */,
			);
			name = "Supporting Files";
			sourceTree = "<group>";
		};
		32A811791B43B2A60085397C /* IQKeyBoardManager */ = {
			isa = PBXGroup;
			children = (
				32A8117A1B43B2A60085397C /* Categories */,
				32A811811B43B2A60085397C /* Constants */,
				32A811841B43B2A60085397C /* IQKeyboardManager.h */,
				32A811851B43B2A60085397C /* IQKeyboardManager.m */,
				32A811861B43B2A60085397C /* IQKeyboardReturnKeyHandler.h */,
				32A811871B43B2A60085397C /* IQKeyboardReturnKeyHandler.m */,
				32A811881B43B2A60085397C /* IQSegmentedNextPrevious */,
				32A8118B1B43B2A60085397C /* IQTextView */,
				32A8118E1B43B2A60085397C /* IQToolbar */,
				32A811971B43B2A60085397C /* KeyboardManager.h */,
				32A811981B43B2A60085397C /* Resources */,
			);
			path = IQKeyBoardManager;
			sourceTree = "<group>";
		};
		32A8117A1B43B2A60085397C /* Categories */ = {
			isa = PBXGroup;
			children = (
				32A8117B1B43B2A60085397C /* IQNSArray+Sort.h */,
				32A8117C1B43B2A60085397C /* IQNSArray+Sort.m */,
				32A8117D1B43B2A60085397C /* IQUIView+Hierarchy.h */,
				32A8117E1B43B2A60085397C /* IQUIView+Hierarchy.m */,
				32A8117F1B43B2A60085397C /* IQUIWindow+Hierarchy.h */,
				32A811801B43B2A60085397C /* IQUIWindow+Hierarchy.m */,
			);
			path = Categories;
			sourceTree = "<group>";
		};
		32A811811B43B2A60085397C /* Constants */ = {
			isa = PBXGroup;
			children = (
				32A811821B43B2A60085397C /* IQKeyboardManagerConstants.h */,
				32A811831B43B2A60085397C /* IQKeyboardManagerConstantsInternal.h */,
			);
			path = Constants;
			sourceTree = "<group>";
		};
		32A811881B43B2A60085397C /* IQSegmentedNextPrevious */ = {
			isa = PBXGroup;
			children = (
				32A811891B43B2A60085397C /* IQSegmentedNextPrevious.h */,
				32A8118A1B43B2A60085397C /* IQSegmentedNextPrevious.m */,
			);
			path = IQSegmentedNextPrevious;
			sourceTree = "<group>";
		};
		32A8118B1B43B2A60085397C /* IQTextView */ = {
			isa = PBXGroup;
			children = (
				32A8118C1B43B2A60085397C /* IQTextView.h */,
				32A8118D1B43B2A60085397C /* IQTextView.m */,
			);
			path = IQTextView;
			sourceTree = "<group>";
		};
		32A8118E1B43B2A60085397C /* IQToolbar */ = {
			isa = PBXGroup;
			children = (
				32A8118F1B43B2A60085397C /* IQBarButtonItem.h */,
				32A811901B43B2A60085397C /* IQBarButtonItem.m */,
				32A811911B43B2A60085397C /* IQTitleBarButtonItem.h */,
				32A811921B43B2A60085397C /* IQTitleBarButtonItem.m */,
				32A811931B43B2A60085397C /* IQToolbar.h */,
				32A811941B43B2A60085397C /* IQToolbar.m */,
				32A811951B43B2A60085397C /* IQUIView+IQKeyboardToolbar.h */,
				32A811961B43B2A60085397C /* IQUIView+IQKeyboardToolbar.m */,
			);
			path = IQToolbar;
			sourceTree = "<group>";
		};
		32A811981B43B2A60085397C /* Resources */ = {
			isa = PBXGroup;
			children = (
				32A811991B43B2A60085397C /* IQKeyboardManager.bundle */,
			);
			path = Resources;
			sourceTree = "<group>";
		};
/* End PBXGroup section */

/* Begin PBXNativeTarget section */
		32A811221B43B2410085397C /* IQKeyboardManagerDemo */ = {
			isa = PBXNativeTarget;
			buildConfigurationList = 32A811461B43B2410085397C /* Build configuration list for PBXNativeTarget "IQKeyboardManagerDemo" */;
			buildPhases = (
				32A8111F1B43B2410085397C /* Sources */,
				32A811201B43B2410085397C /* Frameworks */,
				32A811211B43B2410085397C /* Resources */,
			);
			buildRules = (
			);
			dependencies = (
			);
			name = IQKeyboardManagerDemo;
			productName = IQKeyboardManagerDemo;
			productReference = 32A811231B43B2410085397C /* IQKeyboardManagerDemo.app */;
			productType = "com.apple.product-type.application";
		};
		32A8113B1B43B2410085397C /* IQKeyboardManagerDemoTests */ = {
			isa = PBXNativeTarget;
			buildConfigurationList = 32A811491B43B2410085397C /* Build configuration list for PBXNativeTarget "IQKeyboardManagerDemoTests" */;
			buildPhases = (
				32A811381B43B2410085397C /* Sources */,
				32A811391B43B2410085397C /* Frameworks */,
				32A8113A1B43B2410085397C /* Resources */,
			);
			buildRules = (
			);
			dependencies = (
				32A8113E1B43B2410085397C /* PBXTargetDependency */,
			);
			name = IQKeyboardManagerDemoTests;
			productName = IQKeyboardManagerDemoTests;
			productReference = 32A8113C1B43B2410085397C /* IQKeyboardManagerDemoTests.xctest */;
			productType = "com.apple.product-type.bundle.unit-test";
		};
/* End PBXNativeTarget section */

/* Begin PBXProject section */
		32A8111B1B43B2400085397C /* Project object */ = {
			isa = PBXProject;
			attributes = {
				LastUpgradeCheck = 0630;
				ORGANIZATIONNAME = chisalsoft;
				TargetAttributes = {
					32A811221B43B2410085397C = {
						CreatedOnToolsVersion = 6.3;
					};
					32A8113B1B43B2410085397C = {
						CreatedOnToolsVersion = 6.3;
						TestTargetID = 32A811221B43B2410085397C;
					};
				};
			};
			buildConfigurationList = 32A8111E1B43B2400085397C /* Build configuration list for PBXProject "IQKeyboardManagerDemo" */;
			compatibilityVersion = "Xcode 3.2";
			developmentRegion = English;
			hasScannedForEncodings = 0;
			knownRegions = (
				en,
				Base,
			);
			mainGroup = 32A8111A1B43B2400085397C;
			productRefGroup = 32A811241B43B2410085397C /* Products */;
			projectDirPath = "";
			projectRoot = "";
			targets = (
				32A811221B43B2410085397C /* IQKeyboardManagerDemo */,
				32A8113B1B43B2410085397C /* IQKeyboardManagerDemoTests */,
			);
		};
/* End PBXProject section */

/* Begin PBXResourcesBuildPhase section */
		32A811211B43B2410085397C /* Resources */ = {
			isa = PBXResourcesBuildPhase;
			buildActionMask = 2147483647;
			files = (
				32A811321B43B2410085397C /* Main.storyboard in Resources */,
				32A811371B43B2410085397C /* LaunchScreen.xib in Resources */,
				32A811A51B43B2A60085397C /* IQKeyboardManager.bundle in Resources */,
				32A811341B43B2410085397C /* Images.xcassets in Resources */,
			);
			runOnlyForDeploymentPostprocessing = 0;
		};
		32A8113A1B43B2410085397C /* Resources */ = {
			isa = PBXResourcesBuildPhase;
			buildActionMask = 2147483647;
			files = (
			);
			runOnlyForDeploymentPostprocessing = 0;
		};
/* End PBXResourcesBuildPhase section */

/* Begin PBXSourcesBuildPhase section */
		32A8111F1B43B2410085397C /* Sources */ = {
			isa = PBXSourcesBuildPhase;
			buildActionMask = 2147483647;
			files = (
				32A8119A1B43B2A60085397C /* IQNSArray+Sort.m in Sources */,
				32A811A21B43B2A60085397C /* IQTitleBarButtonItem.m in Sources */,
				32A8119E1B43B2A60085397C /* IQKeyboardReturnKeyHandler.m in Sources */,
				32A811A41B43B2A60085397C /* IQUIView+IQKeyboardToolbar.m in Sources */,
				32A811AB1B43C08B0085397C /* BZAllInOneView.m in Sources */,
				32A811A11B43B2A60085397C /* IQBarButtonItem.m in Sources */,
				32A8119F1B43B2A60085397C /* IQSegmentedNextPrevious.m in Sources */,
				32A811A01B43B2A60085397C /* IQTextView.m in Sources */,
				32A811A81B43B4850085397C /* BZTextFieldView.m in Sources */,
				32A8119D1B43B2A60085397C /* IQKeyboardManager.m in Sources */,
				32A8112F1B43B2410085397C /* ViewController.m in Sources */,
				32A8112C1B43B2410085397C /* AppDelegate.m in Sources */,
				32A811A31B43B2A60085397C /* IQToolbar.m in Sources */,
				32A8119C1B43B2A60085397C /* IQUIWindow+Hierarchy.m in Sources */,
				32A811291B43B2410085397C /* main.m in Sources */,
				32A8119B1B43B2A60085397C /* IQUIView+Hierarchy.m in Sources */,
			);
			runOnlyForDeploymentPostprocessing = 0;
		};
		32A811381B43B2410085397C /* Sources */ = {
			isa = PBXSourcesBuildPhase;
			buildActionMask = 2147483647;
			files = (
				32A811431B43B2410085397C /* IQKeyboardManagerDemoTests.m in Sources */,
			);
			runOnlyForDeploymentPostprocessing = 0;
		};
/* End PBXSourcesBuildPhase section */

/* Begin PBXTargetDependency section */
		32A8113E1B43B2410085397C /* PBXTargetDependency */ = {
			isa = PBXTargetDependency;
			target = 32A811221B43B2410085397C /* IQKeyboardManagerDemo */;
			targetProxy = 32A8113D1B43B2410085397C /* PBXContainerItemProxy */;
		};
/* End PBXTargetDependency section */

/* Begin PBXVariantGroup section */
		32A811301B43B2410085397C /* Main.storyboard */ = {
			isa = PBXVariantGroup;
			children = (
				32A811311B43B2410085397C /* Base */,
			);
			name = Main.storyboard;
			sourceTree = "<group>";
		};
		32A811351B43B2410085397C /* LaunchScreen.xib */ = {
			isa = PBXVariantGroup;
			children = (
				32A811361B43B2410085397C /* Base */,
			);
			name = LaunchScreen.xib;
			sourceTree = "<group>";
		};
/* End PBXVariantGroup section */

/* Begin XCBuildConfiguration section */
		32A811441B43B2410085397C /* Debug */ = {
			isa = XCBuildConfiguration;
			buildSettings = {
				ALWAYS_SEARCH_USER_PATHS = NO;
				CLANG_CXX_LANGUAGE_STANDARD = "gnu++0x";
				CLANG_CXX_LIBRARY = "libc++";
				CLANG_ENABLE_MODULES = YES;
				CLANG_ENABLE_OBJC_ARC = YES;
				CLANG_WARN_BOOL_CONVERSION = YES;
				CLANG_WARN_CONSTANT_CONVERSION = YES;
				CLANG_WARN_DIRECT_OBJC_ISA_USAGE = YES_ERROR;
				CLANG_WARN_EMPTY_BODY = YES;
				CLANG_WARN_ENUM_CONVERSION = YES;
				CLANG_WARN_INT_CONVERSION = YES;
				CLANG_WARN_OBJC_ROOT_CLASS = YES_ERROR;
				CLANG_WARN_UNREACHABLE_CODE = YES;
				CLANG_WARN__DUPLICATE_METHOD_MATCH = YES;
				"CODE_SIGN_IDENTITY[sdk=iphoneos*]" = "iPhone Developer";
				COPY_PHASE_STRIP = NO;
				DEBUG_INFORMATION_FORMAT = "dwarf-with-dsym";
				ENABLE_STRICT_OBJC_MSGSEND = YES;
				GCC_C_LANGUAGE_STANDARD = gnu99;
				GCC_DYNAMIC_NO_PIC = NO;
				GCC_NO_COMMON_BLOCKS = YES;
				GCC_OPTIMIZATION_LEVEL = 0;
				GCC_PREPROCESSOR_DEFINITIONS = (
					"DEBUG=1",
					"$(inherited)",
				);
				GCC_SYMBOLS_PRIVATE_EXTERN = NO;
				GCC_WARN_64_TO_32_BIT_CONVERSION = YES;
				GCC_WARN_ABOUT_RETURN_TYPE = YES_ERROR;
				GCC_WARN_UNDECLARED_SELECTOR = YES;
				GCC_WARN_UNINITIALIZED_AUTOS = YES_AGGRESSIVE;
				GCC_WARN_UNUSED_FUNCTION = YES;
				GCC_WARN_UNUSED_VARIABLE = YES;
				IPHONEOS_DEPLOYMENT_TARGET = 8.3;
				MTL_ENABLE_DEBUG_INFO = YES;
				ONLY_ACTIVE_ARCH = YES;
				SDKROOT = iphoneos;
			};
			name = Debug;
		};
		32A811451B43B2410085397C /* Release */ = {
			isa = XCBuildConfiguration;
			buildSettings = {
				ALWAYS_SEARCH_USER_PATHS = NO;
				CLANG_CXX_LANGUAGE_STANDARD = "gnu++0x";
				CLANG_CXX_LIBRARY = "libc++";
				CLANG_ENABLE_MODULES = YES;
				CLANG_ENABLE_OBJC_ARC = YES;
				CLANG_WARN_BOOL_CONVERSION = YES;
				CLANG_WARN_CONSTANT_CONVERSION = YES;
				CLANG_WARN_DIRECT_OBJC_ISA_USAGE = YES_ERROR;
				CLANG_WARN_EMPTY_BODY = YES;
				CLANG_WARN_ENUM_CONVERSION = YES;
				CLANG_WARN_INT_CONVERSION = YES;
				CLANG_WARN_OBJC_ROOT_CLASS = YES_ERROR;
				CLANG_WARN_UNREACHABLE_CODE = YES;
				CLANG_WARN__DUPLICATE_METHOD_MATCH = YES;
				"CODE_SIGN_IDENTITY[sdk=iphoneos*]" = "iPhone Developer";
				COPY_PHASE_STRIP = NO;
				DEBUG_INFORMATION_FORMAT = "dwarf-with-dsym";
				ENABLE_NS_ASSERTIONS = NO;
				ENABLE_STRICT_OBJC_MSGSEND = YES;
				GCC_C_LANGUAGE_STANDARD = gnu99;
				GCC_NO_COMMON_BLOCKS = YES;
				GCC_WARN_64_TO_32_BIT_CONVERSION = YES;
				GCC_WARN_ABOUT_RETURN_TYPE = YES_ERROR;
				GCC_WARN_UNDECLARED_SELECTOR = YES;
				GCC_WARN_UNINITIALIZED_AUTOS = YES_AGGRESSIVE;
				GCC_WARN_UNUSED_FUNCTION = YES;
				GCC_WARN_UNUSED_VARIABLE = YES;
				IPHONEOS_DEPLOYMENT_TARGET = 8.3;
				MTL_ENABLE_DEBUG_INFO = NO;
				SDKROOT = iphoneos;
				VALIDATE_PRODUCT = YES;
			};
			name = Release;
		};
		32A811471B43B2410085397C /* Debug */ = {
			isa = XCBuildConfiguration;
			buildSettings = {
				ASSETCATALOG_COMPILER_APPICON_NAME = AppIcon;
				INFOPLIST_FILE = IQKeyboardManagerDemo/Info.plist;
				IPHONEOS_DEPLOYMENT_TARGET = 8.1;
				LD_RUNPATH_SEARCH_PATHS = "$(inherited) @executable_path/Frameworks";
				PRODUCT_NAME = "$(TARGET_NAME)";
			};
			name = Debug;
		};
		32A811481B43B2410085397C /* Release */ = {
			isa = XCBuildConfiguration;
			buildSettings = {
				ASSETCATALOG_COMPILER_APPICON_NAME = AppIcon;
				INFOPLIST_FILE = IQKeyboardManagerDemo/Info.plist;
				IPHONEOS_DEPLOYMENT_TARGET = 8.1;
				LD_RUNPATH_SEARCH_PATHS = "$(inherited) @executable_path/Frameworks";
				PRODUCT_NAME = "$(TARGET_NAME)";
			};
			name = Release;
		};
		32A8114A1B43B2410085397C /* Debug */ = {
			isa = XCBuildConfiguration;
			buildSettings = {
				BUNDLE_LOADER = "$(TEST_HOST)";
				FRAMEWORK_SEARCH_PATHS = (
					"$(SDKROOT)/Developer/Library/Frameworks",
					"$(inherited)",
				);
				GCC_PREPROCESSOR_DEFINITIONS = (
					"DEBUG=1",
					"$(inherited)",
				);
				INFOPLIST_FILE = IQKeyboardManagerDemoTests/Info.plist;
				LD_RUNPATH_SEARCH_PATHS = "$(inherited) @executable_path/Frameworks @loader_path/Frameworks";
				PRODUCT_NAME = "$(TARGET_NAME)";
				TEST_HOST = "$(BUILT_PRODUCTS_DIR)/IQKeyboardManagerDemo.app/IQKeyboardManagerDemo";
			};
			name = Debug;
		};
		32A8114B1B43B2410085397C /* Release */ = {
			isa = XCBuildConfiguration;
			buildSettings = {
				BUNDLE_LOADER = "$(TEST_HOST)";
				FRAMEWORK_SEARCH_PATHS = (
					"$(SDKROOT)/Developer/Library/Frameworks",
					"$(inherited)",
				);
				INFOPLIST_FILE = IQKeyboardManagerDemoTests/Info.plist;
				LD_RUNPATH_SEARCH_PATHS = "$(inherited) @executable_path/Frameworks @loader_path/Frameworks";
				PRODUCT_NAME = "$(TARGET_NAME)";
				TEST_HOST = "$(BUILT_PRODUCTS_DIR)/IQKeyboardManagerDemo.app/IQKeyboardManagerDemo";
			};
			name = Release;
		};
/* End XCBuildConfiguration section */

/* Begin XCConfigurationList section */
		32A8111E1B43B2400085397C /* Build configuration list for PBXProject "IQKeyboardManagerDemo" */ = {
			isa = XCConfigurationList;
			buildConfigurations = (
				32A811441B43B2410085397C /* Debug */,
				32A811451B43B2410085397C /* Release */,
			);
			defaultConfigurationIsVisible = 0;
			defaultConfigurationName = Release;
		};
		32A811461B43B2410085397C /* Build configuration list for PBXNativeTarget "IQKeyboardManagerDemo" */ = {
			isa = XCConfigurationList;
			buildConfigurations = (
				32A811471B43B2410085397C /* Debug */,
				32A811481B43B2410085397C /* Release */,
			);
			defaultConfigurationIsVisible = 0;
		};
		32A811491B43B2410085397C /* Build configuration list for PBXNativeTarget "IQKeyboardManagerDemoTests" */ = {
			isa = XCConfigurationList;
			buildConfigurations = (
				32A8114A1B43B2410085397C /* Debug */,
				32A8114B1B43B2410085397C /* Release */,
			);
			defaultConfigurationIsVisible = 0;
		};
/* End XCConfigurationList section */
	};
	rootObject = 32A8111B1B43B2400085397C /* Project object */;
}
